
Microsoft Visual Studio Solution File, Format Version 12.00
# Visual Studio Version 17
VisualStudioVersion = 17.10.35122.118
MinimumVisualStudioVersion = 10.0.40219.1
Project("{FAE04EC0-301F-11D3-BF4B-00C04F79EFBC}") = "EjercicioARRAYLIST", "EjercicioARRAYLIST\EjercicioARRAYLIST.csproj", "{CA3E06C7-FBCE-45EA-9E79-59BB89A543D5}"
EndProject
Global
	GlobalSection(SolutionConfigurationPlatforms) = preSolution
		Debug|Any CPU = Debug|Any CPU
		Release|Any CPU = Release|Any CPU
	EndGlobalSection
	GlobalSection(ProjectConfigurationPlatforms) = postSolution
		{CA3E06C7-FBCE-45EA-9E79-59BB89A543D5}.Debug|Any CPU.ActiveCfg = Debug|Any CPU
		{CA3E06C7-FBCE-45EA-9E79-59BB89A543D5}.Debug|Any CPU.Build.0 = Debug|Any CPU
		{CA3E06C7-FBCE-45EA-9E79-59BB89A543D5}.Release|Any CPU.ActiveCfg = Release|Any CPU
		{CA3E06C7-FBCE-45EA-9E79-59BB89A543D5}.Release|Any CPU.Build.0 = Release|Any CPU
	EndGlobalSection
	GlobalSection(SolutionProperties) = preSolution
		HideSolutionNode = FALSE
	EndGlobalSection
	GlobalSection(ExtensibilityGlobals) = postSolution
		SolutionGuid = {79DA1811-F37B-4C10-AE1B-A5A02216D77C}
	EndGlobalSection
EndGlobal
